
Microsoft Visual Studio Solution File, Format Version 12.00
# Visual Studio Version 17
VisualStudioVersion = 17.5.33627.172
MinimumVisualStudioVersion = 10.0.40219.1
Project("{FAE04EC0-301F-11D3-BF4B-00C04F79EFBC}") = "DoCPathsGenerator", "DoCPathsGenerator.csproj", "{5A187A06-D060-4D0E-AEFD-8552EDAE95B4}"
EndProject
Global
	GlobalSection(SolutionConfigurationPlatforms) = preSolution
		Debug (check)|Any CPU = Debug (check)|Any CPU
		Debug|Any CPU = Debug|Any CPU
		Release|Any CPU = Release|Any CPU
	EndGlobalSection
	GlobalSection(ProjectConfigurationPlatforms) = postSolution
		{5A187A06-D060-4D0E-AEFD-8552EDAE95B4}.Debug (check)|Any CPU.ActiveCfg = Debug (check)|Any CPU
		{5A187A06-D060-4D0E-AEFD-8552EDAE95B4}.Debug (check)|Any CPU.Build.0 = Debug (check)|Any CPU
		{5A187A06-D060-4D0E-AEFD-8552EDAE95B4}.Debug|Any CPU.ActiveCfg = Debug|Any CPU
		{5A187A06-D060-4D0E-AEFD-8552EDAE95B4}.Debug|Any CPU.Build.0 = Debug|Any CPU
		{5A187A06-D060-4D0E-AEFD-8552EDAE95B4}.Release|Any CPU.ActiveCfg = Release|Any CPU
		{5A187A06-D060-4D0E-AEFD-8552EDAE95B4}.Release|Any CPU.Build.0 = Release|Any CPU
	EndGlobalSection
	GlobalSection(SolutionProperties) = preSolution
		HideSolutionNode = FALSE
	EndGlobalSection
	GlobalSection(ExtensibilityGlobals) = postSolution
		SolutionGuid = {2B295C59-BEB5-42E1-B96B-4DBD58C0AB9B}
	EndGlobalSection
EndGlobal
